{
  "name": "audio-utils",
  "version": "2.0.2",
  "lockfileVersion": 1,
  "requires": true,
  "dependencies": {
    "audio-utils": {
      "version": "2.0.1",
      "resolved": "https://registry.npmjs.org/audio-utils/-/audio-utils-2.0.1.tgz",
      "integrity": "sha512-e02bNoTpcunvgUOtDINXLHou0Q2ibwMbd0P3Y8aoOcQIdP+WZlvhChqUQbW2moImhdOkEjJxla/X/UUS4cvcrg==",
      "requires": {
        "shared-utils": "x.x.x"
      }
    },
    "shared-utils": {
      "version": "2.0.1",
      "resolved": "https://registry.npmjs.org/shared-utils/-/shared-utils-2.0.1.tgz",
      "integrity": "sha512-Vcs19dPxvGA7mQ5AuWqNuQl3YAPf+IbDajXOhiDYE1V5yQ9InxFKyrAUIwut/akGZlMV1zKP9nMgZB0pVwiUkg==",
      "requires": {
        "audio-utils": "x.x.x"
      }
    }
  }
}
