{
  "name": "audio-utils",
  "version": "2.0.0",
  "lockfileVersion": 1,
  "requires": true,
  "dependencies": {
    "shared-utils": {
      "version": "0.1.6",
      "resolved": "https://registry.npmjs.org/shared-utils/-/shared-utils-0.1.6.tgz",
      "integrity": "sha1-YYz+Z+x9E7i2NAao/vBXFUjRc/Y="
    }
  }
}
